
Microsoft Visual Studio Solution File, Format Version 12.00
# Visual Studio 14
VisualStudioVersion = 14.0.25420.1
MinimumVisualStudioVersion = 10.0.40219.1
Project("{8BC9CEB8-8B4A-11D0-8D11-00A0C91BC942}") = "EasyKeyChanger", "EasyKeyChanger.vcxproj", "{538B1076-9AE9-40D7-91B3-ADAC0D812747}"
EndProject
Global
	GlobalSection(SolutionConfigurationPlatforms) = preSolution
		Debug|x64 = Debug|x64
		Debug|x86 = Debug|x86
		Release|x64 = Release|x64
		Release|x86 = Release|x86
		ReleaseDebugWrite|x64 = ReleaseDebugWrite|x64
		ReleaseDebugWrite|x86 = ReleaseDebugWrite|x86
	EndGlobalSection
	GlobalSection(ProjectConfigurationPlatforms) = postSolution
		{538B1076-9AE9-40D7-91B3-ADAC0D812747}.Debug|x64.ActiveCfg = Debug|x64
		{538B1076-9AE9-40D7-91B3-ADAC0D812747}.Debug|x64.Build.0 = Debug|x64
		{538B1076-9AE9-40D7-91B3-ADAC0D812747}.Debug|x86.ActiveCfg = Debug|Win32
		{538B1076-9AE9-40D7-91B3-ADAC0D812747}.Debug|x86.Build.0 = Debug|Win32
		{538B1076-9AE9-40D7-91B3-ADAC0D812747}.Release|x64.ActiveCfg = Release|x64
		{538B1076-9AE9-40D7-91B3-ADAC0D812747}.Release|x64.Build.0 = Release|x64
		{538B1076-9AE9-40D7-91B3-ADAC0D812747}.Release|x86.ActiveCfg = Release|Win32
		{538B1076-9AE9-40D7-91B3-ADAC0D812747}.Release|x86.Build.0 = Release|Win32
		{538B1076-9AE9-40D7-91B3-ADAC0D812747}.ReleaseDebugWrite|x64.ActiveCfg = ReleaseDebugWrite|x64
		{538B1076-9AE9-40D7-91B3-ADAC0D812747}.ReleaseDebugWrite|x64.Build.0 = ReleaseDebugWrite|x64
		{538B1076-9AE9-40D7-91B3-ADAC0D812747}.ReleaseDebugWrite|x86.ActiveCfg = ReleaseDebugWrite|Win32
		{538B1076-9AE9-40D7-91B3-ADAC0D812747}.ReleaseDebugWrite|x86.Build.0 = ReleaseDebugWrite|Win32
	EndGlobalSection
	GlobalSection(SolutionProperties) = preSolution
		HideSolutionNode = FALSE
	EndGlobalSection
EndGlobal
